
Microsoft Visual Studio Solution File, Format Version 12.00
# Visual Studio Version 17
VisualStudioVersion = 17.6.33723.286
MinimumVisualStudioVersion = 10.0.40219.1
Project("{9A19103F-16F7-4668-BE54-9A1E7A4F7556}") = "Meetup.Demo.RavenDB.App", "Meetup.Demo.RavenDB.App\Meetup.Demo.RavenDB.App.csproj", "{F02F710E-10D2-4019-A6BC-15D547F80226}"
EndProject
Project("{9A19103F-16F7-4668-BE54-9A1E7A4F7556}") = "Meetup.Demo.Domain", "Meetup.Demo.Domain\Meetup.Demo.Domain.csproj", "{C51058E8-9D71-493A-BD01-EC2957757E36}"
EndProject
Project("{9A19103F-16F7-4668-BE54-9A1E7A4F7556}") = "Meetup.Demo.Seeder", "Meetup.Demo.Seeder\Meetup.Demo.Seeder.csproj", "{2B9482F6-281C-445B-BF4D-92F9919CB8D4}"
EndProject
Project("{9A19103F-16F7-4668-BE54-9A1E7A4F7556}") = "Meetup.Demo.Client", "Meetup.Demo.Client\Meetup.Demo.Client.csproj", "{3D89F9AF-9331-490F-B2B0-BDE662A2E1C7}"
EndProject
Project("{9A19103F-16F7-4668-BE54-9A1E7A4F7556}") = "Meetup.Demo.Common", "Meetup.Demo.Common\Meetup.Demo.Common.csproj", "{802F4F46-C246-42BB-A4CA-61049911C1B1}"
EndProject
Project("{9A19103F-16F7-4668-BE54-9A1E7A4F7556}") = "Meetup.Demo.Postgres.App", "Meetup.Demo.Postgres.App\Meetup.Demo.Postgres.App.csproj", "{AB177338-D1F9-44F7-B319-7427910C4CA5}"
EndProject
Global
	GlobalSection(SolutionConfigurationPlatforms) = preSolution
		Debug|Any CPU = Debug|Any CPU
		Release|Any CPU = Release|Any CPU
	EndGlobalSection
	GlobalSection(ProjectConfigurationPlatforms) = postSolution
		{F02F710E-10D2-4019-A6BC-15D547F80226}.Debug|Any CPU.ActiveCfg = Debug|Any CPU
		{F02F710E-10D2-4019-A6BC-15D547F80226}.Debug|Any CPU.Build.0 = Debug|Any CPU
		{F02F710E-10D2-4019-A6BC-15D547F80226}.Release|Any CPU.ActiveCfg = Release|Any CPU
		{F02F710E-10D2-4019-A6BC-15D547F80226}.Release|Any CPU.Build.0 = Release|Any CPU
		{C51058E8-9D71-493A-BD01-EC2957757E36}.Debug|Any CPU.ActiveCfg = Debug|Any CPU
		{C51058E8-9D71-493A-BD01-EC2957757E36}.Debug|Any CPU.Build.0 = Debug|Any CPU
		{C51058E8-9D71-493A-BD01-EC2957757E36}.Release|Any CPU.ActiveCfg = Release|Any CPU
		{C51058E8-9D71-493A-BD01-EC2957757E36}.Release|Any CPU.Build.0 = Release|Any CPU
		{2B9482F6-281C-445B-BF4D-92F9919CB8D4}.Debug|Any CPU.ActiveCfg = Debug|Any CPU
		{2B9482F6-281C-445B-BF4D-92F9919CB8D4}.Debug|Any CPU.Build.0 = Debug|Any CPU
		{2B9482F6-281C-445B-BF4D-92F9919CB8D4}.Release|Any CPU.ActiveCfg = Release|Any CPU
		{2B9482F6-281C-445B-BF4D-92F9919CB8D4}.Release|Any CPU.Build.0 = Release|Any CPU
		{3D89F9AF-9331-490F-B2B0-BDE662A2E1C7}.Debug|Any CPU.ActiveCfg = Debug|Any CPU
		{3D89F9AF-9331-490F-B2B0-BDE662A2E1C7}.Debug|Any CPU.Build.0 = Debug|Any CPU
		{3D89F9AF-9331-490F-B2B0-BDE662A2E1C7}.Release|Any CPU.ActiveCfg = Release|Any CPU
		{3D89F9AF-9331-490F-B2B0-BDE662A2E1C7}.Release|Any CPU.Build.0 = Release|Any CPU
		{802F4F46-C246-42BB-A4CA-61049911C1B1}.Debug|Any CPU.ActiveCfg = Debug|Any CPU
		{802F4F46-C246-42BB-A4CA-61049911C1B1}.Debug|Any CPU.Build.0 = Debug|Any CPU
		{802F4F46-C246-42BB-A4CA-61049911C1B1}.Release|Any CPU.ActiveCfg = Release|Any CPU
		{802F4F46-C246-42BB-A4CA-61049911C1B1}.Release|Any CPU.Build.0 = Release|Any CPU
		{AB177338-D1F9-44F7-B319-7427910C4CA5}.Debug|Any CPU.ActiveCfg = Debug|Any CPU
		{AB177338-D1F9-44F7-B319-7427910C4CA5}.Debug|Any CPU.Build.0 = Debug|Any CPU
		{AB177338-D1F9-44F7-B319-7427910C4CA5}.Release|Any CPU.ActiveCfg = Release|Any CPU
		{AB177338-D1F9-44F7-B319-7427910C4CA5}.Release|Any CPU.Build.0 = Release|Any CPU
	EndGlobalSection
	GlobalSection(SolutionProperties) = preSolution
		HideSolutionNode = FALSE
	EndGlobalSection
	GlobalSection(ExtensibilityGlobals) = postSolution
		SolutionGuid = {A8EB6821-A42D-4DA3-AA3B-5E496F84BD5A}
	EndGlobalSection
EndGlobal
